// !$*UTF8*$!
{
	archiveVersion = 1;
	classes = {
	};
	objectVersion = 50;
	objects = {

/* Begin PBXBuildFile section */
		9F5C3198239E0F220067F5EC /* AppDelegate.m in Sources */ = {isa = PBXBuildFile; fileRef = 9F5C3197239E0F220067F5EC /* AppDelegate.m */; };
		9F5C319B239E0F220067F5EC /* SceneDelegate.m in Sources */ = {isa = PBXBuildFile; fileRef = 9F5C319A239E0F220067F5EC /* SceneDelegate.m */; };
		9F5C319E239E0F220067F5EC /* ViewController.m in Sources */ = {isa = PBXBuildFile; fileRef = 9F5C319D239E0F220067F5EC /* ViewController.m */; };
		9F5C31A1239E0F220067F5EC /* Main.storyboard in Resources */ = {isa = PBXBuildFile; fileRef = 9F5C319F239E0F220067F5EC /* Main.storyboard */; };
		9F5C31A3239E0F2F0067F5EC /* Assets.xcassets in Resources */ = {isa = PBXBuildFile; fileRef = 9F5C31A2239E0F2F0067F5EC /* Assets.xcassets */; };
		9F5C31A6239E0F2F0067F5EC /* LaunchScreen.storyboard in Resources */ = {isa = PBXBuildFile; fileRef = 9F5C31A4239E0F2F0067F5EC /* LaunchScreen.storyboard */; };
		9F5C31A9239E0F2F0067F5EC /* main.m in Sources */ = {isa = PBXBuildFile; fileRef = 9F5C31A8239E0F2F0067F5EC /* main.m */; };
		9F5C31B3239E0F2F0067F5EC /* iRootTalkSTests.m in Sources */ = {isa = PBXBuildFile; fileRef = 9F5C31B2239E0F2F0067F5EC /* iRootTalkSTests.m */; };
		9F5C31BE239E0F2F0067F5EC /* iRootTalkSUITests.m in Sources */ = {isa = PBXBuildFile; fileRef = 9F5C31BD239E0F2F0067F5EC /* iRootTalkSUITests.m */; };
		9F5C31CD239E152B0067F5EC /* WebViewController.m in Sources */ = {isa = PBXBuildFile; fileRef = 9F5C31CC239E152B0067F5EC /* WebViewController.m */; };
		9F5C31D0239E15620067F5EC /* TalkSViewController.m in Sources */ = {isa = PBXBuildFile; fileRef = 9F5C31CF239E15620067F5EC /* TalkSViewController.m */; };
		9F5C31D3239E15C20067F5EC /* UserListViewController.m in Sources */ = {isa = PBXBuildFile; fileRef = 9F5C31D2239E15C20067F5EC /* UserListViewController.m */; };
		9F5C31D6239E294C0067F5EC /* TabBarController.mm in Sources */ = {isa = PBXBuildFile; fileRef = 9F5C31D5239E294C0067F5EC /* TabBarController.mm */; };
		9F724B75239F6AF400845828 /* ChatCellData.m in Sources */ = {isa = PBXBuildFile; fileRef = 9F724B74239F6AF400845828 /* ChatCellData.m */; };
		9F724B78239F6D4B00845828 /* LeftTableViewCell.m in Sources */ = {isa = PBXBuildFile; fileRef = 9F724B77239F6D4B00845828 /* LeftTableViewCell.m */; };
		9F724B82239F731D00845828 /* ChatFaceIcon.png in Resources */ = {isa = PBXBuildFile; fileRef = 9F724B7B239F731D00845828 /* ChatFaceIcon.png */; };
		9F724B89239F86AC00845828 /* RightTableViewCell.m in Sources */ = {isa = PBXBuildFile; fileRef = 9F724B88239F86AC00845828 /* RightTableViewCell.m */; };
		9F7E5F9123B49011006A044B /* CppNetworkModule.cpp in Sources */ = {isa = PBXBuildFile; fileRef = 9F7E5F8F23B49011006A044B /* CppNetworkModule.cpp */; };
		9F88642D23B5E84500E3BD6F /* ChatNetworkManager.mm in Sources */ = {isa = PBXBuildFile; fileRef = 9F88642C23B5E84500E3BD6F /* ChatNetworkManager.mm */; };
		9FA3C465239FCE9D00F8F854 /* ChatSQLiteDB.m in Sources */ = {isa = PBXBuildFile; fileRef = 9FA3C464239FCE9D00F8F854 /* ChatSQLiteDB.m */; };
		9FADB2B123AB549100DE9A1E /* rightmal.png in Resources */ = {isa = PBXBuildFile; fileRef = 9FADB2AE23AB549000DE9A1E /* rightmal.png */; };
		9FADB2B223AB549100DE9A1E /* textbg.png in Resources */ = {isa = PBXBuildFile; fileRef = 9FADB2AF23AB549000DE9A1E /* textbg.png */; };
		9FADB2B323AB549100DE9A1E /* leftmal.png in Resources */ = {isa = PBXBuildFile; fileRef = 9FADB2B023AB549100DE9A1E /* leftmal.png */; };
/* End PBXBuildFile section */

/* Begin PBXContainerItemProxy section */
		9F5C31AF239E0F2F0067F5EC /* PBXContainerItemProxy */ = {
			isa = PBXContainerItemProxy;
			containerPortal = 9F5C318B239E0F220067F5EC /* Project object */;
			proxyType = 1;
			remoteGlobalIDString = 9F5C3192239E0F220067F5EC;
			remoteInfo = iRootTalkS;
		};
		9F5C31BA239E0F2F0067F5EC /* PBXContainerItemProxy */ = {
			isa = PBXContainerItemProxy;
			containerPortal = 9F5C318B239E0F220067F5EC /* Project object */;
			proxyType = 1;
			remoteGlobalIDString = 9F5C3192239E0F220067F5EC;
			remoteInfo = iRootTalkS;
		};
/* End PBXContainerItemProxy section */

/* Begin PBXFileReference section */
		9F5C3193239E0F220067F5EC /* iRootTalkS.app */ = {isa = PBXFileReference; explicitFileType = wrapper.application; includeInIndex = 0; path = iRootTalkS.app; sourceTree = BUILT_PRODUCTS_DIR; };
		9F5C3196239E0F220067F5EC /* AppDelegate.h */ = {isa = PBXFileReference; lastKnownFileType = sourcecode.c.h; path = AppDelegate.h; sourceTree = "<group>"; };
		9F5C3197239E0F220067F5EC /* AppDelegate.m */ = {isa = PBXFileReference; lastKnownFileType = sourcecode.c.objc; path = AppDelegate.m; sourceTree = "<group>"; };
		9F5C3199239E0F220067F5EC /* SceneDelegate.h */ = {isa = PBXFileReference; lastKnownFileType = sourcecode.c.h; path = SceneDelegate.h; sourceTree = "<group>"; };
		9F5C319A239E0F220067F5EC /* SceneDelegate.m */ = {isa = PBXFileReference; lastKnownFileType = sourcecode.c.objc; path = SceneDelegate.m; sourceTree = "<group>"; };
		9F5C319C239E0F220067F5EC /* ViewController.h */ = {isa = PBXFileReference; lastKnownFileType = sourcecode.c.h; path = ViewController.h; sourceTree = "<group>"; };
		9F5C319D239E0F220067F5EC /* ViewController.m */ = {isa = PBXFileReference; lastKnownFileType = sourcecode.c.objc; path = ViewController.m; sourceTree = "<group>"; };
		9F5C31A0239E0F220067F5EC /* Base */ = {isa = PBXFileReference; lastKnownFileType = file.storyboard; name = Base; path = Base.lproj/Main.storyboard; sourceTree = "<group>"; };
		9F5C31A2239E0F2F0067F5EC /* Assets.xcassets */ = {isa = PBXFileReference; lastKnownFileType = folder.assetcatalog; path = Assets.xcassets; sourceTree = "<group>"; };
		9F5C31A5239E0F2F0067F5EC /* Base */ = {isa = PBXFileReference; lastKnownFileType = file.storyboard; name = Base; path = Base.lproj/LaunchScreen.storyboard; sourceTree = "<group>"; };
		9F5C31A7239E0F2F0067F5EC /* Info.plist */ = {isa = PBXFileReference; lastKnownFileType = text.plist.xml; path = Info.plist; sourceTree = "<group>"; };
		9F5C31A8239E0F2F0067F5EC /* main.m */ = {isa = PBXFileReference; lastKnownFileType = sourcecode.c.objc; path = main.m; sourceTree = "<group>"; };
		9F5C31AE239E0F2F0067F5EC /* iRootTalkSTests.xctest */ = {isa = PBXFileReference; explicitFileType = wrapper.cfbundle; includeInIndex = 0; path = iRootTalkSTests.xctest; sourceTree = BUILT_PRODUCTS_DIR; };
		9F5C31B2239E0F2F0067F5EC /* iRootTalkSTests.m */ = {isa = PBXFileReference; lastKnownFileType = sourcecode.c.objc; path = iRootTalkSTests.m; sourceTree = "<group>"; };
		9F5C31B4239E0F2F0067F5EC /* Info.plist */ = {isa = PBXFileReference; lastKnownFileType = text.plist.xml; path = Info.plist; sourceTree = "<group>"; };
		9F5C31B9239E0F2F0067F5EC /* iRootTalkSUITests.xctest */ = {isa = PBXFileReference; explicitFileType = wrapper.cfbundle; includeInIndex = 0; path = iRootTalkSUITests.xctest; sourceTree = BUILT_PRODUCTS_DIR; };
		9F5C31BD239E0F2F0067F5EC /* iRootTalkSUITests.m */ = {isa = PBXFileReference; lastKnownFileType = sourcecode.c.objc; path = iRootTalkSUITests.m; sourceTree = "<group>"; };
		9F5C31BF239E0F2F0067F5EC /* Info.plist */ = {isa = PBXFileReference; lastKnownFileType = text.plist.xml; path = Info.plist; sourceTree = "<group>"; };
		9F5C31CB239E152B0067F5EC /* WebViewController.h */ = {isa = PBXFileReference; lastKnownFileType = sourcecode.c.h; path = WebViewController.h; sourceTree = "<group>"; };
		9F5C31CC239E152B0067F5EC /* WebViewController.m */ = {isa = PBXFileReference; lastKnownFileType = sourcecode.c.objc; path = WebViewController.m; sourceTree = "<group>"; };
		9F5C31CE239E15620067F5EC /* TalkSViewController.h */ = {isa = PBXFileReference; lastKnownFileType = sourcecode.c.h; path = TalkSViewController.h; sourceTree = "<group>"; };
		9F5C31CF239E15620067F5EC /* TalkSViewController.m */ = {isa = PBXFileReference; lastKnownFileType = sourcecode.c.objc; path = TalkSViewController.m; sourceTree = "<group>"; };
		9F5C31D1239E15C20067F5EC /* UserListViewController.h */ = {isa = PBXFileReference; lastKnownFileType = sourcecode.c.h; path = UserListViewController.h; sourceTree = "<group>"; };
		9F5C31D2239E15C20067F5EC /* UserListViewController.m */ = {isa = PBXFileReference; lastKnownFileType = sourcecode.c.objc; path = UserListViewController.m; sourceTree = "<group>"; };
		9F5C31D4239E294C0067F5EC /* TabBarController.h */ = {isa = PBXFileReference; lastKnownFileType = sourcecode.c.h; path = TabBarController.h; sourceTree = "<group>"; };
		9F5C31D5239E294C0067F5EC /* TabBarController.mm */ = {isa = PBXFileReference; lastKnownFileType = sourcecode.cpp.objcpp; path = TabBarController.mm; sourceTree = "<group>"; };
		9F724B73239F6AF400845828 /* ChatCellData.h */ = {isa = PBXFileReference; lastKnownFileType = sourcecode.c.h; path = ChatCellData.h; sourceTree = "<group>"; };
		9F724B74239F6AF400845828 /* ChatCellData.m */ = {isa = PBXFileReference; lastKnownFileType = sourcecode.c.objc; path = ChatCellData.m; sourceTree = "<group>"; };
		9F724B76239F6D4B00845828 /* LeftTableViewCell.h */ = {isa = PBXFileReference; lastKnownFileType = sourcecode.c.h; path = LeftTableViewCell.h; sourceTree = "<group>"; };
		9F724B77239F6D4B00845828 /* LeftTableViewCell.m */ = {isa = PBXFileReference; lastKnownFileType = sourcecode.c.objc; path = LeftTableViewCell.m; sourceTree = "<group>"; };
		9F724B7B239F731D00845828 /* ChatFaceIcon.png */ = {isa = PBXFileReference; lastKnownFileType = image.png; path = ChatFaceIcon.png; sourceTree = "<group>"; };
		9F724B87239F86AC00845828 /* RightTableViewCell.h */ = {isa = PBXFileReference; lastKnownFileType = sourcecode.c.h; path = RightTableViewCell.h; sourceTree = "<group>"; };
		9F724B88239F86AC00845828 /* RightTableViewCell.m */ = {isa = PBXFileReference; lastKnownFileType = sourcecode.c.objc; path = RightTableViewCell.m; sourceTree = "<group>"; };
		9F7E5F8F23B49011006A044B /* CppNetworkModule.cpp */ = {isa = PBXFileReference; lastKnownFileType = sourcecode.cpp.cpp; path = CppNetworkModule.cpp; sourceTree = "<group>"; };
		9F7E5F9023B49011006A044B /* CppNetworkModule.hpp */ = {isa = PBXFileReference; lastKnownFileType = sourcecode.cpp.h; path = CppNetworkModule.hpp; sourceTree = "<group>"; };
		9F88642B23B5E84500E3BD6F /* ChatNetworkManager.h */ = {isa = PBXFileReference; lastKnownFileType = sourcecode.c.h; path = ChatNetworkManager.h; sourceTree = "<group>"; };
		9F88642C23B5E84500E3BD6F /* ChatNetworkManager.mm */ = {isa = PBXFileReference; lastKnownFileType = sourcecode.cpp.objcpp; path = ChatNetworkManager.mm; sourceTree = "<group>"; };
		9FA3C463239FCE9D00F8F854 /* ChatSQLiteDB.h */ = {isa = PBXFileReference; lastKnownFileType = sourcecode.c.h; path = ChatSQLiteDB.h; sourceTree = "<group>"; };
		9FA3C464239FCE9D00F8F854 /* ChatSQLiteDB.m */ = {isa = PBXFileReference; lastKnownFileType = sourcecode.c.objc; path = ChatSQLiteDB.m; sourceTree = "<group>"; };
		9FADB2AE23AB549000DE9A1E /* rightmal.png */ = {isa = PBXFileReference; lastKnownFileType = image.png; path = rightmal.png; sourceTree = "<group>"; };
		9FADB2AF23AB549000DE9A1E /* textbg.png */ = {isa = PBXFileReference; lastKnownFileType = image.png; path = textbg.png; sourceTree = "<group>"; };
		9FADB2B023AB549100DE9A1E /* leftmal.png */ = {isa = PBXFileReference; lastKnownFileType = image.png; path = leftmal.png; sourceTree = "<group>"; };
/* End PBXFileReference section */

/* Begin PBXFrameworksBuildPhase section */
		9F5C3190239E0F220067F5EC /* Frameworks */ = {
			isa = PBXFrameworksBuildPhase;
			buildActionMask = 2147483647;
			files = (
			);
			runOnlyForDeploymentPostprocessing = 0;
		};
		9F5C31AB239E0F2F0067F5EC /* Frameworks */ = {
			isa = PBXFrameworksBuildPhase;
			buildActionMask = 2147483647;
			files = (
			);
			runOnlyForDeploymentPostprocessing = 0;
		};
		9F5C31B6239E0F2F0067F5EC /* Frameworks */ = {
			isa = PBXFrameworksBuildPhase;
			buildActionMask = 2147483647;
			files = (
			);
			runOnlyForDeploymentPostprocessing = 0;
		};
/* End PBXFrameworksBuildPhase section */

/* Begin PBXGroup section */
		9F5C318A239E0F220067F5EC = {
			isa = PBXGroup;
			children = (
				9F5C3195239E0F220067F5EC /* iRootTalkS */,
				9F5C31B1239E0F2F0067F5EC /* iRootTalkSTests */,
				9F5C31BC239E0F2F0067F5EC /* iRootTalkSUITests */,
				9F5C3194239E0F220067F5EC /* Products */,
			);
			sourceTree = "<group>";
		};
		9F5C3194239E0F220067F5EC /* Products */ = {
			isa = PBXGroup;
			children = (
				9F5C3193239E0F220067F5EC /* iRootTalkS.app */,
				9F5C31AE239E0F2F0067F5EC /* iRootTalkSTests.xctest */,
				9F5C31B9239E0F2F0067F5EC /* iRootTalkSUITests.xctest */,
			);
			name = Products;
			sourceTree = "<group>";
		};
		9F5C3195239E0F220067F5EC /* iRootTalkS */ = {
			isa = PBXGroup;
			children = (
				9FADB2B023AB549100DE9A1E /* leftmal.png */,
				9FADB2AE23AB549000DE9A1E /* rightmal.png */,
				9FADB2AF23AB549000DE9A1E /* textbg.png */,
				9F724B7B239F731D00845828 /* ChatFaceIcon.png */,
				9F5C3196239E0F220067F5EC /* AppDelegate.h */,
				9F5C3197239E0F220067F5EC /* AppDelegate.m */,
				9F5C3199239E0F220067F5EC /* SceneDelegate.h */,
				9F5C319A239E0F220067F5EC /* SceneDelegate.m */,
				9F5C319C239E0F220067F5EC /* ViewController.h */,
				9F5C319D239E0F220067F5EC /* ViewController.m */,
				9F7E5F8F23B49011006A044B /* CppNetworkModule.cpp */,
				9F7E5F9023B49011006A044B /* CppNetworkModule.hpp */,
				9F5C319F239E0F220067F5EC /* Main.storyboard */,
				9F724B76239F6D4B00845828 /* LeftTableViewCell.h */,
				9F724B77239F6D4B00845828 /* LeftTableViewCell.m */,
				9F724B87239F86AC00845828 /* RightTableViewCell.h */,
				9F724B88239F86AC00845828 /* RightTableViewCell.m */,
				9F5C31A2239E0F2F0067F5EC /* Assets.xcassets */,
				9F5C31A4239E0F2F0067F5EC /* LaunchScreen.storyboard */,
				9F5C31A7239E0F2F0067F5EC /* Info.plist */,
				9F5C31A8239E0F2F0067F5EC /* main.m */,
				9F5C31D1239E15C20067F5EC /* UserListViewController.h */,
				9F5C31D2239E15C20067F5EC /* UserListViewController.m */,
				9F5C31D4239E294C0067F5EC /* TabBarController.h */,
				9F5C31D5239E294C0067F5EC /* TabBarController.mm */,
				9FA3C463239FCE9D00F8F854 /* ChatSQLiteDB.h */,
				9FA3C464239FCE9D00F8F854 /* ChatSQLiteDB.m */,
				9F724B73239F6AF400845828 /* ChatCellData.h */,
				9F724B74239F6AF400845828 /* ChatCellData.m */,
				9F5C31CE239E15620067F5EC /* TalkSViewController.h */,
				9F5C31CF239E15620067F5EC /* TalkSViewController.m */,
				9F5C31CB239E152B0067F5EC /* WebViewController.h */,
				9F5C31CC239E152B0067F5EC /* WebViewController.m */,
				9F88642B23B5E84500E3BD6F /* ChatNetworkManager.h */,
				9F88642C23B5E84500E3BD6F /* ChatNetworkManager.mm */,
			);
			path = iRootTalkS;
			sourceTree = "<group>";
		};
		9F5C31B1239E0F2F0067F5EC /* iRootTalkSTests */ = {
			isa = PBXGroup;
			children = (
				9F5C31B2239E0F2F0067F5EC /* iRootTalkSTests.m */,
				9F5C31B4239E0F2F0067F5EC /* Info.plist */,
			);
			path = iRootTalkSTests;
			sourceTree = "<group>";
		};
		9F5C31BC239E0F2F0067F5EC /* iRootTalkSUITests */ = {
			isa = PBXGroup;
			children = (
				9F5C31BD239E0F2F0067F5EC /* iRootTalkSUITests.m */,
				9F5C31BF239E0F2F0067F5EC /* Info.plist */,
			);
			path = iRootTalkSUITests;
			sourceTree = "<group>";
		};
/* End PBXGroup section */

/* Begin PBXNativeTarget section */
		9F5C3192239E0F220067F5EC /* iRootTalkS */ = {
			isa = PBXNativeTarget;
			buildConfigurationList = 9F5C31C2239E0F2F0067F5EC /* Build configuration list for PBXNativeTarget "iRootTalkS" */;
			buildPhases = (
				9F5C318F239E0F220067F5EC /* Sources */,
				9F5C3190239E0F220067F5EC /* Frameworks */,
				9F5C3191239E0F220067F5EC /* Resources */,
			);
			buildRules = (
			);
			dependencies = (
			);
			name = iRootTalkS;
			productName = iRootTalkS;
			productReference = 9F5C3193239E0F220067F5EC /* iRootTalkS.app */;
			productType = "com.apple.product-type.application";
		};
		9F5C31AD239E0F2F0067F5EC /* iRootTalkSTests */ = {
			isa = PBXNativeTarget;
			buildConfigurationList = 9F5C31C5239E0F2F0067F5EC /* Build configuration list for PBXNativeTarget "iRootTalkSTests" */;
			buildPhases = (
				9F5C31AA239E0F2F0067F5EC /* Sources */,
				9F5C31AB239E0F2F0067F5EC /* Frameworks */,
				9F5C31AC239E0F2F0067F5EC /* Resources */,
			);
			buildRules = (
			);
			dependencies = (
				9F5C31B0239E0F2F0067F5EC /* PBXTargetDependency */,
			);
			name = iRootTalkSTests;
			productName = iRootTalkSTests;
			productReference = 9F5C31AE239E0F2F0067F5EC /* iRootTalkSTests.xctest */;
			productType = "com.apple.product-type.bundle.unit-test";
		};
		9F5C31B8239E0F2F0067F5EC /* iRootTalkSUITests */ = {
			isa = PBXNativeTarget;
			buildConfigurationList = 9F5C31C8239E0F2F0067F5EC /* Build configuration list for PBXNativeTarget "iRootTalkSUITests" */;
			buildPhases = (
				9F5C31B5239E0F2F0067F5EC /* Sources */,
				9F5C31B6239E0F2F0067F5EC /* Frameworks */,
				9F5C31B7239E0F2F0067F5EC /* Resources */,
			);
			buildRules = (
			);
			dependencies = (
				9F5C31BB239E0F2F0067F5EC /* PBXTargetDependency */,
			);
			name = iRootTalkSUITests;
			productName = iRootTalkSUITests;
			productReference = 9F5C31B9239E0F2F0067F5EC /* iRootTalkSUITests.xctest */;
			productType = "com.apple.product-type.bundle.ui-testing";
		};
/* End PBXNativeTarget section */

/* Begin PBXProject section */
		9F5C318B239E0F220067F5EC /* Project object */ = {
			isa = PBXProject;
			attributes = {
				LastUpgradeCheck = 1120;
				ORGANIZATIONNAME = "임재민";
				TargetAttributes = {
					9F5C3192239E0F220067F5EC = {
						CreatedOnToolsVersion = 11.2.1;
					};
					9F5C31AD239E0F2F0067F5EC = {
						CreatedOnToolsVersion = 11.2.1;
						TestTargetID = 9F5C3192239E0F220067F5EC;
					};
					9F5C31B8239E0F2F0067F5EC = {
						CreatedOnToolsVersion = 11.2.1;
						TestTargetID = 9F5C3192239E0F220067F5EC;
					};
				};
			};
			buildConfigurationList = 9F5C318E239E0F220067F5EC /* Build configuration list for PBXProject "iRootTalkS" */;
			compatibilityVersion = "Xcode 9.3";
			developmentRegion = en;
			hasScannedForEncodings = 0;
			knownRegions = (
				en,
				Base,
			);
			mainGroup = 9F5C318A239E0F220067F5EC;
			productRefGroup = 9F5C3194239E0F220067F5EC /* Products */;
			projectDirPath = "";
			projectRoot = "";
			targets = (
				9F5C3192239E0F220067F5EC /* iRootTalkS */,
				9F5C31AD239E0F2F0067F5EC /* iRootTalkSTests */,
				9F5C31B8239E0F2F0067F5EC /* iRootTalkSUITests */,
			);
		};
/* End PBXProject section */

/* Begin PBXResourcesBuildPhase section */
		9F5C3191239E0F220067F5EC /* Resources */ = {
			isa = PBXResourcesBuildPhase;
			buildActionMask = 2147483647;
			files = (
				9F5C31A6239E0F2F0067F5EC /* LaunchScreen.storyboard in Resources */,
				9FADB2B323AB549100DE9A1E /* leftmal.png in Resources */,
				9F724B82239F731D00845828 /* ChatFaceIcon.png in Resources */,
				9F5C31A3239E0F2F0067F5EC /* Assets.xcassets in Resources */,
				9FADB2B223AB549100DE9A1E /* textbg.png in Resources */,
				9FADB2B123AB549100DE9A1E /* rightmal.png in Resources */,
				9F5C31A1239E0F220067F5EC /* Main.storyboard in Resources */,
			);
			runOnlyForDeploymentPostprocessing = 0;
		};
		9F5C31AC239E0F2F0067F5EC /* Resources */ = {
			isa = PBXResourcesBuildPhase;
			buildActionMask = 2147483647;
			files = (
			);
			runOnlyForDeploymentPostprocessing = 0;
		};
		9F5C31B7239E0F2F0067F5EC /* Resources */ = {
			isa = PBXResourcesBuildPhase;
			buildActionMask = 2147483647;
			files = (
			);
			runOnlyForDeploymentPostprocessing = 0;
		};
/* End PBXResourcesBuildPhase section */

/* Begin PBXSourcesBuildPhase section */
		9F5C318F239E0F220067F5EC /* Sources */ = {
			isa = PBXSourcesBuildPhase;
			buildActionMask = 2147483647;
			files = (
				9F5C319E239E0F220067F5EC /* ViewController.m in Sources */,
				9F5C31CD239E152B0067F5EC /* WebViewController.m in Sources */,
				9F88642D23B5E84500E3BD6F /* ChatNetworkManager.mm in Sources */,
				9F724B78239F6D4B00845828 /* LeftTableViewCell.m in Sources */,
				9F5C31D0239E15620067F5EC /* TalkSViewController.m in Sources */,
				9F5C3198239E0F220067F5EC /* AppDelegate.m in Sources */,
				9FA3C465239FCE9D00F8F854 /* ChatSQLiteDB.m in Sources */,
				9F5C31A9239E0F2F0067F5EC /* main.m in Sources */,
				9F5C31D6239E294C0067F5EC /* TabBarController.mm in Sources */,
				9F5C319B239E0F220067F5EC /* SceneDelegate.m in Sources */,
				9F724B89239F86AC00845828 /* RightTableViewCell.m in Sources */,
				9F7E5F9123B49011006A044B /* CppNetworkModule.cpp in Sources */,
				9F724B75239F6AF400845828 /* ChatCellData.m in Sources */,
				9F5C31D3239E15C20067F5EC /* UserListViewController.m in Sources */,
			);
			runOnlyForDeploymentPostprocessing = 0;
		};
		9F5C31AA239E0F2F0067F5EC /* Sources */ = {
			isa = PBXSourcesBuildPhase;
			buildActionMask = 2147483647;
			files = (
				9F5C31B3239E0F2F0067F5EC /* iRootTalkSTests.m in Sources */,
			);
			runOnlyForDeploymentPostprocessing = 0;
		};
		9F5C31B5239E0F2F0067F5EC /* Sources */ = {
			isa = PBXSourcesBuildPhase;
			buildActionMask = 2147483647;
			files = (
				9F5C31BE239E0F2F0067F5EC /* iRootTalkSUITests.m in Sources */,
			);
			runOnlyForDeploymentPostprocessing = 0;
		};
/* End PBXSourcesBuildPhase section */

/* Begin PBXTargetDependency section */
		9F5C31B0239E0F2F0067F5EC /* PBXTargetDependency */ = {
			isa = PBXTargetDependency;
			target = 9F5C3192239E0F220067F5EC /* iRootTalkS */;
			targetProxy = 9F5C31AF239E0F2F0067F5EC /* PBXContainerItemProxy */;
		};
		9F5C31BB239E0F2F0067F5EC /* PBXTargetDependency */ = {
			isa = PBXTargetDependency;
			target = 9F5C3192239E0F220067F5EC /* iRootTalkS */;
			targetProxy = 9F5C31BA239E0F2F0067F5EC /* PBXContainerItemProxy */;
		};
/* End PBXTargetDependency section */

/* Begin PBXVariantGroup section */
		9F5C319F239E0F220067F5EC /* Main.storyboard */ = {
			isa = PBXVariantGroup;
			children = (
				9F5C31A0239E0F220067F5EC /* Base */,
			);
			name = Main.storyboard;
			sourceTree = "<group>";
		};
		9F5C31A4239E0F2F0067F5EC /* LaunchScreen.storyboard */ = {
			isa = PBXVariantGroup;
			children = (
				9F5C31A5239E0F2F0067F5EC /* Base */,
			);
			name = LaunchScreen.storyboard;
			sourceTree = "<group>";
		};
/* End PBXVariantGroup section */

/* Begin XCBuildConfiguration section */
		9F5C31C0239E0F2F0067F5EC /* Debug */ = {
			isa = XCBuildConfiguration;
			buildSettings = {
				ALWAYS_SEARCH_USER_PATHS = NO;
				CLANG_ANALYZER_NONNULL = YES;
				CLANG_ANALYZER_NUMBER_OBJECT_CONVERSION = YES_AGGRESSIVE;
				CLANG_CXX_LANGUAGE_STANDARD = "gnu++14";
				CLANG_CXX_LIBRARY = "libc++";
				CLANG_ENABLE_MODULES = YES;
				CLANG_ENABLE_OBJC_ARC = YES;
				CLANG_ENABLE_OBJC_WEAK = YES;
				CLANG_WARN_BLOCK_CAPTURE_AUTORELEASING = YES;
				CLANG_WARN_BOOL_CONVERSION = YES;
				CLANG_WARN_COMMA = YES;
				CLANG_WARN_CONSTANT_CONVERSION = YES;
				CLANG_WARN_DEPRECATED_OBJC_IMPLEMENTATIONS = YES;
				CLANG_WARN_DIRECT_OBJC_ISA_USAGE = YES_ERROR;
				CLANG_WARN_DOCUMENTATION_COMMENTS = YES;
				CLANG_WARN_EMPTY_BODY = YES;
				CLANG_WARN_ENUM_CONVERSION = YES;
				CLANG_WARN_INFINITE_RECURSION = YES;
				CLANG_WARN_INT_CONVERSION = YES;
				CLANG_WARN_NON_LITERAL_NULL_CONVERSION = YES;
				CLANG_WARN_OBJC_IMPLICIT_RETAIN_SELF = YES;
				CLANG_WARN_OBJC_LITERAL_CONVERSION = YES;
				CLANG_WARN_OBJC_ROOT_CLASS = YES_ERROR;
				CLANG_WARN_RANGE_LOOP_ANALYSIS = YES;
				CLANG_WARN_STRICT_PROTOTYPES = YES;
				CLANG_WARN_SUSPICIOUS_MOVE = YES;
				CLANG_WARN_UNGUARDED_AVAILABILITY = YES_AGGRESSIVE;
				CLANG_WARN_UNREACHABLE_CODE = YES;
				CLANG_WARN__DUPLICATE_METHOD_MATCH = YES;
				COPY_PHASE_STRIP = NO;
				DEBUG_INFORMATION_FORMAT = dwarf;
				ENABLE_STRICT_OBJC_MSGSEND = YES;
				ENABLE_TESTABILITY = YES;
				GCC_C_LANGUAGE_STANDARD = gnu11;
				GCC_DYNAMIC_NO_PIC = NO;
				GCC_NO_COMMON_BLOCKS = YES;
				GCC_OPTIMIZATION_LEVEL = 0;
				GCC_PREPROCESSOR_DEFINITIONS = (
					"DEBUG=1",
					"$(inherited)",
				);
				GCC_WARN_64_TO_32_BIT_CONVERSION = YES;
				GCC_WARN_ABOUT_RETURN_TYPE = YES_ERROR;
				GCC_WARN_UNDECLARED_SELECTOR = YES;
				GCC_WARN_UNINITIALIZED_AUTOS = YES_AGGRESSIVE;
				GCC_WARN_UNUSED_FUNCTION = YES;
				GCC_WARN_UNUSED_VARIABLE = YES;
				IPHONEOS_DEPLOYMENT_TARGET = 13.2;
				MTL_ENABLE_DEBUG_INFO = INCLUDE_SOURCE;
				MTL_FAST_MATH = YES;
				ONLY_ACTIVE_ARCH = YES;
				SDKROOT = iphoneos;
			};
			name = Debug;
		};
		9F5C31C1239E0F2F0067F5EC /* Release */ = {
			isa = XCBuildConfiguration;
			buildSettings = {
				ALWAYS_SEARCH_USER_PATHS = NO;
				CLANG_ANALYZER_NONNULL = YES;
				CLANG_ANALYZER_NUMBER_OBJECT_CONVERSION = YES_AGGRESSIVE;
				CLANG_CXX_LANGUAGE_STANDARD = "gnu++14";
				CLANG_CXX_LIBRARY = "libc++";
				CLANG_ENABLE_MODULES = YES;
				CLANG_ENABLE_OBJC_ARC = YES;
				CLANG_ENABLE_OBJC_WEAK = YES;
				CLANG_WARN_BLOCK_CAPTURE_AUTORELEASING = YES;
				CLANG_WARN_BOOL_CONVERSION = YES;
				CLANG_WARN_COMMA = YES;
				CLANG_WARN_CONSTANT_CONVERSION = YES;
				CLANG_WARN_DEPRECATED_OBJC_IMPLEMENTATIONS = YES;
				CLANG_WARN_DIRECT_OBJC_ISA_USAGE = YES_ERROR;
				CLANG_WARN_DOCUMENTATION_COMMENTS = YES;
				CLANG_WARN_EMPTY_BODY = YES;
				CLANG_WARN_ENUM_CONVERSION = YES;
				CLANG_WARN_INFINITE_RECURSION = YES;
				CLANG_WARN_INT_CONVERSION = YES;
				CLANG_WARN_NON_LITERAL_NULL_CONVERSION = YES;
				CLANG_WARN_OBJC_IMPLICIT_RETAIN_SELF = YES;
				CLANG_WARN_OBJC_LITERAL_CONVERSION = YES;
				CLANG_WARN_OBJC_ROOT_CLASS = YES_ERROR;
				CLANG_WARN_RANGE_LOOP_ANALYSIS = YES;
				CLANG_WARN_STRICT_PROTOTYPES = YES;
				CLANG_WARN_SUSPICIOUS_MOVE = YES;
				CLANG_WARN_UNGUARDED_AVAILABILITY = YES_AGGRESSIVE;
				CLANG_WARN_UNREACHABLE_CODE = YES;
				CLANG_WARN__DUPLICATE_METHOD_MATCH = YES;
				COPY_PHASE_STRIP = NO;
				DEBUG_INFORMATION_FORMAT = "dwarf-with-dsym";
				ENABLE_NS_ASSERTIONS = NO;
				ENABLE_STRICT_OBJC_MSGSEND = YES;
				GCC_C_LANGUAGE_STANDARD = gnu11;
				GCC_NO_COMMON_BLOCKS = YES;
				GCC_WARN_64_TO_32_BIT_CONVERSION = YES;
				GCC_WARN_ABOUT_RETURN_TYPE = YES_ERROR;
				GCC_WARN_UNDECLARED_SELECTOR = YES;
				GCC_WARN_UNINITIALIZED_AUTOS = YES_AGGRESSIVE;
				GCC_WARN_UNUSED_FUNCTION = YES;
				GCC_WARN_UNUSED_VARIABLE = YES;
				IPHONEOS_DEPLOYMENT_TARGET = 13.2;
				MTL_ENABLE_DEBUG_INFO = NO;
				MTL_FAST_MATH = YES;
				SDKROOT = iphoneos;
				VALIDATE_PRODUCT = YES;
			};
			name = Release;
		};
		9F5C31C3239E0F2F0067F5EC /* Debug */ = {
			isa = XCBuildConfiguration;
			buildSettings = {
				ASSETCATALOG_COMPILER_APPICON_NAME = AppIcon;
				CODE_SIGN_STYLE = Automatic;
				DEVELOPMENT_TEAM = 9XKN6S48MQ;
				INFOPLIST_FILE = iRootTalkS/Info.plist;
				LD_RUNPATH_SEARCH_PATHS = (
					"$(inherited)",
					"@executable_path/Frameworks",
				);
				PRODUCT_BUNDLE_IDENTIFIER = com.rootjm.iRootTalkS;
				PRODUCT_NAME = "$(TARGET_NAME)";
				TARGETED_DEVICE_FAMILY = "1,2";
			};
			name = Debug;
		};
		9F5C31C4239E0F2F0067F5EC /* Release */ = {
			isa = XCBuildConfiguration;
			buildSettings = {
				ASSETCATALOG_COMPILER_APPICON_NAME = AppIcon;
				CODE_SIGN_STYLE = Automatic;
				DEVELOPMENT_TEAM = 9XKN6S48MQ;
				INFOPLIST_FILE = iRootTalkS/Info.plist;
				LD_RUNPATH_SEARCH_PATHS = (
					"$(inherited)",
					"@executable_path/Frameworks",
				);
				PRODUCT_BUNDLE_IDENTIFIER = com.rootjm.iRootTalkS;
				PRODUCT_NAME = "$(TARGET_NAME)";
				TARGETED_DEVICE_FAMILY = "1,2";
			};
			name = Release;
		};
		9F5C31C6239E0F2F0067F5EC /* Debug */ = {
			isa = XCBuildConfiguration;
			buildSettings = {
				BUNDLE_LOADER = "$(TEST_HOST)";
				CODE_SIGN_STYLE = Automatic;
				INFOPLIST_FILE = iRootTalkSTests/Info.plist;
				IPHONEOS_DEPLOYMENT_TARGET = 13.2;
				LD_RUNPATH_SEARCH_PATHS = (
					"$(inherited)",
					"@executable_path/Frameworks",
					"@loader_path/Frameworks",
				);
				PRODUCT_BUNDLE_IDENTIFIER = com.rootjm.iRootTalkSTests;
				PRODUCT_NAME = "$(TARGET_NAME)";
				TARGETED_DEVICE_FAMILY = "1,2";
				TEST_HOST = "$(BUILT_PRODUCTS_DIR)/iRootTalkS.app/iRootTalkS";
			};
			name = Debug;
		};
		9F5C31C7239E0F2F0067F5EC /* Release */ = {
			isa = XCBuildConfiguration;
			buildSettings = {
				BUNDLE_LOADER = "$(TEST_HOST)";
				CODE_SIGN_STYLE = Automatic;
				INFOPLIST_FILE = iRootTalkSTests/Info.plist;
				IPHONEOS_DEPLOYMENT_TARGET = 13.2;
				LD_RUNPATH_SEARCH_PATHS = (
					"$(inherited)",
					"@executable_path/Frameworks",
					"@loader_path/Frameworks",
				);
				PRODUCT_BUNDLE_IDENTIFIER = com.rootjm.iRootTalkSTests;
				PRODUCT_NAME = "$(TARGET_NAME)";
				TARGETED_DEVICE_FAMILY = "1,2";
				TEST_HOST = "$(BUILT_PRODUCTS_DIR)/iRootTalkS.app/iRootTalkS";
			};
			name = Release;
		};
		9F5C31C9239E0F2F0067F5EC /* Debug */ = {
			isa = XCBuildConfiguration;
			buildSettings = {
				CODE_SIGN_STYLE = Automatic;
				INFOPLIST_FILE = iRootTalkSUITests/Info.plist;
				LD_RUNPATH_SEARCH_PATHS = (
					"$(inherited)",
					"@executable_path/Frameworks",
					"@loader_path/Frameworks",
				);
				PRODUCT_BUNDLE_IDENTIFIER = com.rootjm.iRootTalkSUITests;
				PRODUCT_NAME = "$(TARGET_NAME)";
				TARGETED_DEVICE_FAMILY = "1,2";
				TEST_TARGET_NAME = iRootTalkS;
			};
			name = Debug;
		};
		9F5C31CA239E0F2F0067F5EC /* Release */ = {
			isa = XCBuildConfiguration;
			buildSettings = {
				CODE_SIGN_STYLE = Automatic;
				INFOPLIST_FILE = iRootTalkSUITests/Info.plist;
				LD_RUNPATH_SEARCH_PATHS = (
					"$(inherited)",
					"@executable_path/Frameworks",
					"@loader_path/Frameworks",
				);
				PRODUCT_BUNDLE_IDENTIFIER = com.rootjm.iRootTalkSUITests;
				PRODUCT_NAME = "$(TARGET_NAME)";
				TARGETED_DEVICE_FAMILY = "1,2";
				TEST_TARGET_NAME = iRootTalkS;
			};
			name = Release;
		};
/* End XCBuildConfiguration section */

/* Begin XCConfigurationList section */
		9F5C318E239E0F220067F5EC /* Build configuration list for PBXProject "iRootTalkS" */ = {
			isa = XCConfigurationList;
			buildConfigurations = (
				9F5C31C0239E0F2F0067F5EC /* Debug */,
				9F5C31C1239E0F2F0067F5EC /* Release */,
			);
			defaultConfigurationIsVisible = 0;
			defaultConfigurationName = Release;
		};
		9F5C31C2239E0F2F0067F5EC /* Build configuration list for PBXNativeTarget "iRootTalkS" */ = {
			isa = XCConfigurationList;
			buildConfigurations = (
				9F5C31C3239E0F2F0067F5EC /* Debug */,
				9F5C31C4239E0F2F0067F5EC /* Release */,
			);
			defaultConfigurationIsVisible = 0;
			defaultConfigurationName = Release;
		};
		9F5C31C5239E0F2F0067F5EC /* Build configuration list for PBXNativeTarget "iRootTalkSTests" */ = {
			isa = XCConfigurationList;
			buildConfigurations = (
				9F5C31C6239E0F2F0067F5EC /* Debug */,
				9F5C31C7239E0F2F0067F5EC /* Release */,
			);
			defaultConfigurationIsVisible = 0;
			defaultConfigurationName = Release;
		};
		9F5C31C8239E0F2F0067F5EC /* Build configuration list for PBXNativeTarget "iRootTalkSUITests" */ = {
			isa = XCConfigurationList;
			buildConfigurations = (
				9F5C31C9239E0F2F0067F5EC /* Debug */,
				9F5C31CA239E0F2F0067F5EC /* Release */,
			);
			defaultConfigurationIsVisible = 0;
			defaultConfigurationName = Release;
		};
/* End XCConfigurationList section */
	};
	rootObject = 9F5C318B239E0F220067F5EC /* Project object */;
}
